// !$*UTF8*$!
{
	archiveVersion = 1;
	classes = {
	};
	objectVersion = 60;
	objects = {

/* Begin PBXBuildFile section */
		2FAD9763203C412B000D30F8 /* config.xml in Resources */ = {isa = PBXBuildFile; fileRef = 2FAD9762203C412B000D30F8 /* config.xml */; };
		4D22ABE92AF431CB00220026 /* CapApp-SPM in Frameworks */ = {isa = PBXBuildFile; productRef = 4D22ABE82AF431CB00220026 /* CapApp-SPM */; };
		50379B232058CBB4000EE86E /* capacitor.config.json in Resources */ = {isa = PBXBuildFile; fileRef = 50379B222058CBB4000EE86E /* capacitor.config.json */; };
		504EC3081FED79650016851F /* AppDelegate.swift in Sources */ = {isa = PBXBuildFile; fileRef = 504EC3071FED79650016851F /* AppDelegate.swift */; };
		FHVC0001001 /* FamilyHubViewController.swift in Sources */ = {isa = PBXBuildFile; fileRef = FHVC0000001 /* FamilyHubViewController.swift */; };
		504EC30D1FED79650016851F /* Main.storyboard in Resources */ = {isa = PBXBuildFile; fileRef = 504EC30B1FED79650016851F /* Main.storyboard */; };
		504EC30F1FED79650016851F /* Assets.xcassets in Resources */ = {isa = PBXBuildFile; fileRef = 504EC30E1FED79650016851F /* Assets.xcassets */; };
		504EC3121FED79650016851F /* LaunchScreen.storyboard in Resources */ = {isa = PBXBuildFile; fileRef = 504EC3101FED79650016851F /* LaunchScreen.storyboard */; };
		50B271D11FEDC1A000F3C39B /* public in Resources */ = {isa = PBXBuildFile; fileRef = 50B271D01FEDC1A000F3C39B /* public */; };
		FHW0001001 /* FamilyHubWidgetsBundle.swift in Sources */ = {isa = PBXBuildFile; fileRef = FHW0000001 /* FamilyHubWidgetsBundle.swift */; };
		FHW0001002 /* SharedModels.swift in Sources */ = {isa = PBXBuildFile; fileRef = FHW0000002 /* SharedModels.swift */; };
		FHW0001003 /* DataProvider.swift in Sources */ = {isa = PBXBuildFile; fileRef = FHW0000003 /* DataProvider.swift */; };
		FHW0001004 /* ShoppingListWidget.swift in Sources */ = {isa = PBXBuildFile; fileRef = FHW0000004 /* ShoppingListWidget.swift */; };
		FHW0001005 /* TodaysEventsWidget.swift in Sources */ = {isa = PBXBuildFile; fileRef = FHW0000005 /* TodaysEventsWidget.swift */; };
		FHW0001006 /* RoutineStatusWidget.swift in Sources */ = {isa = PBXBuildFile; fileRef = FHW0000006 /* RoutineStatusWidget.swift */; };
		FHW0001007 /* NextEventWidget.swift in Sources */ = {isa = PBXBuildFile; fileRef = FHW0000007 /* NextEventWidget.swift */; };
		FHW0001008 /* F1CountdownWidget.swift in Sources */ = {isa = PBXBuildFile; fileRef = FHW0000008 /* F1CountdownWidget.swift */; };
		FHW0001009 /* BinDayWidget.swift in Sources */ = {isa = PBXBuildFile; fileRef = FHW0000009 /* BinDayWidget.swift */; };
		FHW0001010 /* QuickActionsWidget.swift in Sources */ = {isa = PBXBuildFile; fileRef = FHW0000010 /* QuickActionsWidget.swift */; };
		FHW0001011 /* Assets.xcassets in Resources */ = {isa = PBXBuildFile; fileRef = FHW0000011 /* Assets.xcassets */; };
		FHW0001012 /* FamilyHubWidgetsExtension.appex in Embed Foundation Extensions */ = {isa = PBXBuildFile; fileRef = FHW0002001 /* FamilyHubWidgetsExtension.appex */; settings = {ATTRIBUTES = (RemoveHeadersOnCopy, ); }; };
		FHW0001013 /* InteractiveWidgetIntents.swift in Sources */ = {isa = PBXBuildFile; fileRef = FHW0000014 /* InteractiveWidgetIntents.swift */; };
		FHW0101001 /* FamilyHubNativePlugin.swift in Sources */ = {isa = PBXBuildFile; fileRef = FHW0100001 /* FamilyHubNativePlugin.swift */; };
		FHW0101002 /* FamilyHubNativePlugin.m in Sources */ = {isa = PBXBuildFile; fileRef = FHW0100002 /* FamilyHubNativePlugin.m */; };
		FHW0101003 /* LiveActivityPlugin.swift in Sources */ = {isa = PBXBuildFile; fileRef = FHW0100003 /* LiveActivityPlugin.swift */; };
		FHW0101004 /* LiveActivityPlugin.m in Sources */ = {isa = PBXBuildFile; fileRef = FHW0100004 /* LiveActivityPlugin.m */; };
		FHW0101005 /* FamilyHubIntents.swift in Sources */ = {isa = PBXBuildFile; fileRef = FHW0100005 /* FamilyHubIntents.swift */; };
		FHW0101006 /* TimerLiveActivity.swift in Sources */ = {isa = PBXBuildFile; fileRef = FHW0100006 /* TimerLiveActivity.swift */; };
		FHS0001001 /* ShareViewController.swift in Sources */ = {isa = PBXBuildFile; fileRef = FHS0000001 /* ShareViewController.swift */; };
		FHS0001002 /* MainInterface.storyboard in Resources */ = {isa = PBXBuildFile; fileRef = FHS0000004 /* MainInterface.storyboard */; };
		FHS0001003 /* FamilyHubShare.appex in Embed Foundation Extensions */ = {isa = PBXBuildFile; fileRef = FHS0002001 /* FamilyHubShare.appex */; settings = {ATTRIBUTES = (RemoveHeadersOnCopy, ); }; };
/* End PBXBuildFile section */

/* Begin PBXContainerItemProxy section */
		FHW0003001 /* PBXContainerItemProxy */ = {
			isa = PBXContainerItemProxy;
			containerPortal = 504EC2FC1FED79650016851F /* Project object */;
			proxyType = 1;
			remoteGlobalIDString = FHW0004001;
			remoteInfo = FamilyHubWidgetsExtension;
		};
		FHS0005001 /* PBXContainerItemProxy */ = {
			isa = PBXContainerItemProxy;
			containerPortal = 504EC2FC1FED79650016851F /* Project object */;
			proxyType = 1;
			remoteGlobalIDString = FHS0004001;
			remoteInfo = FamilyHubShare;
		};
/* End PBXContainerItemProxy section */

/* Begin PBXCopyFilesBuildPhase section */
		FHW0005001 /* Embed Foundation Extensions */ = {
			isa = PBXCopyFilesBuildPhase;
			buildActionMask = 2147483647;
			dstPath = "";
			dstSubfolderSpec = 13;
			files = (
				FHW0001012 /* FamilyHubWidgetsExtension.appex in Embed Foundation Extensions */,
				FHS0001003 /* FamilyHubShare.appex in Embed Foundation Extensions */,
			);
			name = "Embed Foundation Extensions";
			runOnlyForDeploymentPostprocessing = 0;
		};
/* End PBXCopyFilesBuildPhase section */

/* Begin PBXFileReference section */
		2FAD9762203C412B000D30F8 /* config.xml */ = {isa = PBXFileReference; lastKnownFileType = text.xml; path = config.xml; sourceTree = "<group>"; };
		50379B222058CBB4000EE86E /* capacitor.config.json */ = {isa = PBXFileReference; fileEncoding = 4; lastKnownFileType = text.json; path = capacitor.config.json; sourceTree = "<group>"; };
		504EC3041FED79650016851F /* App.app */ = {isa = PBXFileReference; explicitFileType = wrapper.application; includeInIndex = 0; path = App.app; sourceTree = BUILT_PRODUCTS_DIR; };
		504EC3071FED79650016851F /* AppDelegate.swift */ = {isa = PBXFileReference; lastKnownFileType = sourcecode.swift; path = AppDelegate.swift; sourceTree = "<group>"; };
		FHVC0000001 /* FamilyHubViewController.swift */ = {isa = PBXFileReference; lastKnownFileType = sourcecode.swift; path = FamilyHubViewController.swift; sourceTree = "<group>"; };
		504EC30C1FED79650016851F /* Base */ = {isa = PBXFileReference; lastKnownFileType = file.storyboard; name = Base; path = Base.lproj/Main.storyboard; sourceTree = "<group>"; };
		504EC30E1FED79650016851F /* Assets.xcassets */ = {isa = PBXFileReference; lastKnownFileType = folder.assetcatalog; path = Assets.xcassets; sourceTree = "<group>"; };
		504EC3111FED79650016851F /* Base */ = {isa = PBXFileReference; lastKnownFileType = file.storyboard; name = Base; path = Base.lproj/LaunchScreen.storyboard; sourceTree = "<group>"; };
		504EC3131FED79650016851F /* Info.plist */ = {isa = PBXFileReference; lastKnownFileType = text.plist.xml; path = Info.plist; sourceTree = "<group>"; };
		50B271D01FEDC1A000F3C39B /* public */ = {isa = PBXFileReference; lastKnownFileType = folder; path = public; sourceTree = "<group>"; };
		958DCC722DB07C7200EA8C5F /* debug.xcconfig */ = {isa = PBXFileReference; lastKnownFileType = text.xcconfig; name = debug.xcconfig; path = ../debug.xcconfig; sourceTree = SOURCE_ROOT; };
		958DCC732DB07C7300EA8C5F /* App.entitlements */ = {isa = PBXFileReference; lastKnownFileType = text.plist.entitlements; path = App.entitlements; sourceTree = "<group>"; };
		FHW0000001 /* FamilyHubWidgetsBundle.swift */ = {isa = PBXFileReference; lastKnownFileType = sourcecode.swift; path = FamilyHubWidgetsBundle.swift; sourceTree = "<group>"; };
		FHW0000002 /* SharedModels.swift */ = {isa = PBXFileReference; lastKnownFileType = sourcecode.swift; path = SharedModels.swift; sourceTree = "<group>"; };
		FHW0000003 /* DataProvider.swift */ = {isa = PBXFileReference; lastKnownFileType = sourcecode.swift; path = DataProvider.swift; sourceTree = "<group>"; };
		FHW0000004 /* ShoppingListWidget.swift */ = {isa = PBXFileReference; lastKnownFileType = sourcecode.swift; path = ShoppingListWidget.swift; sourceTree = "<group>"; };
		FHW0000005 /* TodaysEventsWidget.swift */ = {isa = PBXFileReference; lastKnownFileType = sourcecode.swift; path = TodaysEventsWidget.swift; sourceTree = "<group>"; };
		FHW0000006 /* RoutineStatusWidget.swift */ = {isa = PBXFileReference; lastKnownFileType = sourcecode.swift; path = RoutineStatusWidget.swift; sourceTree = "<group>"; };
		FHW0000007 /* NextEventWidget.swift */ = {isa = PBXFileReference; lastKnownFileType = sourcecode.swift; path = NextEventWidget.swift; sourceTree = "<group>"; };
		FHW0000008 /* F1CountdownWidget.swift */ = {isa = PBXFileReference; lastKnownFileType = sourcecode.swift; path = F1CountdownWidget.swift; sourceTree = "<group>"; };
		FHW0000009 /* BinDayWidget.swift */ = {isa = PBXFileReference; lastKnownFileType = sourcecode.swift; path = BinDayWidget.swift; sourceTree = "<group>"; };
		FHW0000010 /* QuickActionsWidget.swift */ = {isa = PBXFileReference; lastKnownFileType = sourcecode.swift; path = QuickActionsWidget.swift; sourceTree = "<group>"; };
		FHW0000011 /* Assets.xcassets */ = {isa = PBXFileReference; lastKnownFileType = folder.assetcatalog; path = Assets.xcassets; sourceTree = "<group>"; };
		FHW0000012 /* Info.plist */ = {isa = PBXFileReference; lastKnownFileType = text.plist.xml; path = Info.plist; sourceTree = "<group>"; };
		FHW0000013 /* FamilyHubWidgets.entitlements */ = {isa = PBXFileReference; lastKnownFileType = text.plist.entitlements; path = FamilyHubWidgets.entitlements; sourceTree = "<group>"; };
		FHW0000014 /* InteractiveWidgetIntents.swift */ = {isa = PBXFileReference; lastKnownFileType = sourcecode.swift; path = InteractiveWidgetIntents.swift; sourceTree = "<group>"; };
		FHW0002001 /* FamilyHubWidgetsExtension.appex */ = {isa = PBXFileReference; explicitFileType = "wrapper.app-extension"; includeInIndex = 0; path = FamilyHubWidgetsExtension.appex; sourceTree = BUILT_PRODUCTS_DIR; };
		FHW0100001 /* FamilyHubNativePlugin.swift */ = {isa = PBXFileReference; lastKnownFileType = sourcecode.swift; path = FamilyHubNativePlugin.swift; sourceTree = "<group>"; };
		FHW0100002 /* FamilyHubNativePlugin.m */ = {isa = PBXFileReference; lastKnownFileType = sourcecode.c.objc; path = FamilyHubNativePlugin.m; sourceTree = "<group>"; };
		FHW0100003 /* LiveActivityPlugin.swift */ = {isa = PBXFileReference; lastKnownFileType = sourcecode.swift; path = LiveActivityPlugin.swift; sourceTree = "<group>"; };
		FHW0100004 /* LiveActivityPlugin.m */ = {isa = PBXFileReference; lastKnownFileType = sourcecode.c.objc; path = LiveActivityPlugin.m; sourceTree = "<group>"; };
		FHW0100005 /* FamilyHubIntents.swift */ = {isa = PBXFileReference; lastKnownFileType = sourcecode.swift; path = FamilyHubIntents.swift; sourceTree = "<group>"; };
		FHW0100006 /* TimerLiveActivity.swift */ = {isa = PBXFileReference; lastKnownFileType = sourcecode.swift; path = TimerLiveActivity.swift; sourceTree = "<group>"; };
		FHS0000001 /* ShareViewController.swift */ = {isa = PBXFileReference; lastKnownFileType = sourcecode.swift; path = ShareViewController.swift; sourceTree = "<group>"; };
		FHS0000002 /* Info.plist */ = {isa = PBXFileReference; lastKnownFileType = text.plist.xml; path = Info.plist; sourceTree = "<group>"; };
		FHS0000003 /* FamilyHubShare.entitlements */ = {isa = PBXFileReference; lastKnownFileType = text.plist.entitlements; path = FamilyHubShare.entitlements; sourceTree = "<group>"; };
		FHS0000004 /* MainInterface.storyboard */ = {isa = PBXFileReference; lastKnownFileType = file.storyboard; name = MainInterface.storyboard; path = Base.lproj/MainInterface.storyboard; sourceTree = "<group>"; };
		FHS0002001 /* FamilyHubShare.appex */ = {isa = PBXFileReference; explicitFileType = "wrapper.app-extension"; includeInIndex = 0; path = FamilyHubShare.appex; sourceTree = BUILT_PRODUCTS_DIR; };
/* End PBXFileReference section */

/* Begin PBXFrameworksBuildPhase section */
		504EC3011FED79650016851F /* Frameworks */ = {
			isa = PBXFrameworksBuildPhase;
			buildActionMask = 2147483647;
			files = (
				4D22ABE92AF431CB00220026 /* CapApp-SPM in Frameworks */,
			);
			runOnlyForDeploymentPostprocessing = 0;
		};
		FHW0006001 /* Frameworks */ = {
			isa = PBXFrameworksBuildPhase;
			buildActionMask = 2147483647;
			files = (
			);
			runOnlyForDeploymentPostprocessing = 0;
		};
		FHS0007001 /* Frameworks */ = {
			isa = PBXFrameworksBuildPhase;
			buildActionMask = 2147483647;
			files = (
			);
			runOnlyForDeploymentPostprocessing = 0;
		};
/* End PBXFrameworksBuildPhase section */

/* Begin PBXGroup section */
		504EC2FB1FED79650016851F = {
			isa = PBXGroup;
			children = (
				958DCC722DB07C7200EA8C5F /* debug.xcconfig */,
				504EC3061FED79650016851F /* App */,
				FHW0007001 /* FamilyHubWidgets */,
				FHS0003001 /* FamilyHubShare */,
				504EC3051FED79650016851F /* Products */,
			);
			sourceTree = "<group>";
		};
		504EC3051FED79650016851F /* Products */ = {
			isa = PBXGroup;
			children = (
				504EC3041FED79650016851F /* App.app */,
				FHW0002001 /* FamilyHubWidgetsExtension.appex */,
				FHS0002001 /* FamilyHubShare.appex */,
			);
			name = Products;
			sourceTree = "<group>";
		};
		504EC3061FED79650016851F /* App */ = {
			isa = PBXGroup;
			children = (
				958DCC732DB07C7300EA8C5F /* App.entitlements */,
				50379B222058CBB4000EE86E /* capacitor.config.json */,
				504EC3071FED79650016851F /* AppDelegate.swift */,
				FHVC0000001 /* FamilyHubViewController.swift */,
				504EC30B1FED79650016851F /* Main.storyboard */,
				504EC30E1FED79650016851F /* Assets.xcassets */,
				504EC3101FED79650016851F /* LaunchScreen.storyboard */,
				504EC3131FED79650016851F /* Info.plist */,
				2FAD9762203C412B000D30F8 /* config.xml */,
				50B271D01FEDC1A000F3C39B /* public */,
				FHW0102001 /* Plugins */,
				FHW0102002 /* Intents */,
				FHW0102003 /* LiveActivity */,
			);
			path = App;
			sourceTree = "<group>";
		};
		FHW0007001 /* FamilyHubWidgets */ = {
			isa = PBXGroup;
			children = (
				FHW0000013 /* FamilyHubWidgets.entitlements */,
				FHW0000001 /* FamilyHubWidgetsBundle.swift */,
				FHW0000002 /* SharedModels.swift */,
				FHW0000003 /* DataProvider.swift */,
				FHW0000004 /* ShoppingListWidget.swift */,
				FHW0000005 /* TodaysEventsWidget.swift */,
				FHW0000006 /* RoutineStatusWidget.swift */,
				FHW0000007 /* NextEventWidget.swift */,
				FHW0000008 /* F1CountdownWidget.swift */,
				FHW0000009 /* BinDayWidget.swift */,
				FHW0000010 /* QuickActionsWidget.swift */,
				FHW0000014 /* InteractiveWidgetIntents.swift */,
				FHW0000011 /* Assets.xcassets */,
				FHW0000012 /* Info.plist */,
			);
			path = FamilyHubWidgets;
			sourceTree = "<group>";
		};
		FHW0102001 /* Plugins */ = {
			isa = PBXGroup;
			children = (
				FHW0100001 /* FamilyHubNativePlugin.swift */,
				FHW0100002 /* FamilyHubNativePlugin.m */,
				FHW0100003 /* LiveActivityPlugin.swift */,
				FHW0100004 /* LiveActivityPlugin.m */,
			);
			path = Plugins;
			sourceTree = "<group>";
		};
		FHW0102002 /* Intents */ = {
			isa = PBXGroup;
			children = (
				FHW0100005 /* FamilyHubIntents.swift */,
			);
			path = Intents;
			sourceTree = "<group>";
		};
		FHW0102003 /* LiveActivity */ = {
			isa = PBXGroup;
			children = (
				FHW0100006 /* TimerLiveActivity.swift */,
			);
			path = LiveActivity;
			sourceTree = "<group>";
		};
		FHS0003001 /* FamilyHubShare */ = {
			isa = PBXGroup;
			children = (
				FHS0000001 /* ShareViewController.swift */,
				FHS0000004 /* MainInterface.storyboard */,
				FHS0000002 /* Info.plist */,
				FHS0000003 /* FamilyHubShare.entitlements */,
			);
			path = FamilyHubShare;
			sourceTree = "<group>";
		};
/* End PBXGroup section */

/* Begin PBXNativeTarget section */
		504EC3031FED79650016851F /* App */ = {
			isa = PBXNativeTarget;
			buildConfigurationList = 504EC3161FED79650016851F /* Build configuration list for PBXNativeTarget "App" */;
			buildPhases = (
				504EC3001FED79650016851F /* Sources */,
				504EC3011FED79650016851F /* Frameworks */,
				504EC3021FED79650016851F /* Resources */,
				FHW0005001 /* Embed Foundation Extensions */,
			);
			buildRules = (
			);
			dependencies = (
				FHW0003002 /* PBXTargetDependency */,
				FHS0005002 /* PBXTargetDependency */,
			);
			name = App;
			packageProductDependencies = (
				4D22ABE82AF431CB00220026 /* CapApp-SPM */,
			);
			productName = App;
			productReference = 504EC3041FED79650016851F /* App.app */;
			productType = "com.apple.product-type.application";
		};
		FHW0004001 /* FamilyHubWidgetsExtension */ = {
			isa = PBXNativeTarget;
			buildConfigurationList = FHW0008001 /* Build configuration list for PBXNativeTarget "FamilyHubWidgetsExtension" */;
			buildPhases = (
				FHW0009001 /* Sources */,
				FHW0006001 /* Frameworks */,
				FHW0010001 /* Resources */,
			);
			buildRules = (
			);
			dependencies = (
			);
			name = FamilyHubWidgetsExtension;
			productName = FamilyHubWidgetsExtension;
			productReference = FHW0002001 /* FamilyHubWidgetsExtension.appex */;
			productType = "com.apple.product-type.app-extension";
		};
		FHS0004001 /* FamilyHubShare */ = {
			isa = PBXNativeTarget;
			buildConfigurationList = FHS0009001 /* Build configuration list for PBXNativeTarget "FamilyHubShare" */;
			buildPhases = (
				FHS0006001 /* Sources */,
				FHS0007001 /* Frameworks */,
				FHS0008001 /* Resources */,
			);
			buildRules = (
			);
			dependencies = (
			);
			name = FamilyHubShare;
			productName = FamilyHubShare;
			productReference = FHS0002001 /* FamilyHubShare.appex */;
			productType = "com.apple.product-type.app-extension";
		};
/* End PBXNativeTarget section */

/* Begin PBXProject section */
		504EC2FC1FED79650016851F /* Project object */ = {
			isa = PBXProject;
			attributes = {
				LastSwiftUpdateCheck = 1500;
				LastUpgradeCheck = 0920;
				TargetAttributes = {
					504EC3031FED79650016851F = {
						CreatedOnToolsVersion = 9.2;
						LastSwiftMigration = 1100;
						ProvisioningStyle = Automatic;
					};
					FHW0004001 = {
						CreatedOnToolsVersion = 15.0;
						ProvisioningStyle = Automatic;
					};
					FHS0004001 = {
						CreatedOnToolsVersion = 15.0;
						ProvisioningStyle = Automatic;
					};
				};
			};
			buildConfigurationList = 504EC2FF1FED79650016851F /* Build configuration list for PBXProject "App" */;
			compatibilityVersion = "Xcode 8.0";
			developmentRegion = en;
			hasScannedForEncodings = 0;
			knownRegions = (
				en,
				Base,
			);
			mainGroup = 504EC2FB1FED79650016851F;
			packageReferences = (
				D4C12C0A2AAA248700AAC8A2 /* XCLocalSwiftPackageReference "CapApp-SPM" */,
			);
			productRefGroup = 504EC3051FED79650016851F /* Products */;
			projectDirPath = "";
			projectRoot = "";
			targets = (
				504EC3031FED79650016851F /* App */,
				FHW0004001 /* FamilyHubWidgetsExtension */,
				FHS0004001 /* FamilyHubShare */,
			);
		};
/* End PBXProject section */

/* Begin PBXResourcesBuildPhase section */
		504EC3021FED79650016851F /* Resources */ = {
			isa = PBXResourcesBuildPhase;
			buildActionMask = 2147483647;
			files = (
				504EC3121FED79650016851F /* LaunchScreen.storyboard in Resources */,
				50B271D11FEDC1A000F3C39B /* public in Resources */,
				504EC30F1FED79650016851F /* Assets.xcassets in Resources */,
				50379B232058CBB4000EE86E /* capacitor.config.json in Resources */,
				504EC30D1FED79650016851F /* Main.storyboard in Resources */,
				2FAD9763203C412B000D30F8 /* config.xml in Resources */,
			);
			runOnlyForDeploymentPostprocessing = 0;
		};
		FHW0010001 /* Resources */ = {
			isa = PBXResourcesBuildPhase;
			buildActionMask = 2147483647;
			files = (
				FHW0001011 /* Assets.xcassets in Resources */,
			);
			runOnlyForDeploymentPostprocessing = 0;
		};
		FHS0008001 /* Resources */ = {
			isa = PBXResourcesBuildPhase;
			buildActionMask = 2147483647;
			files = (
				FHS0001002 /* MainInterface.storyboard in Resources */,
			);
			runOnlyForDeploymentPostprocessing = 0;
		};
/* End PBXResourcesBuildPhase section */

/* Begin PBXSourcesBuildPhase section */
		504EC3001FED79650016851F /* Sources */ = {
			isa = PBXSourcesBuildPhase;
			buildActionMask = 2147483647;
			files = (
				504EC3081FED79650016851F /* AppDelegate.swift in Sources */,
				FHVC0001001 /* FamilyHubViewController.swift in Sources */,
				FHW0101001 /* FamilyHubNativePlugin.swift in Sources */,
				FHW0101002 /* FamilyHubNativePlugin.m in Sources */,
				FHW0101003 /* LiveActivityPlugin.swift in Sources */,
				FHW0101004 /* LiveActivityPlugin.m in Sources */,
				FHW0101005 /* FamilyHubIntents.swift in Sources */,
				FHW0101006 /* TimerLiveActivity.swift in Sources */,
			);
			runOnlyForDeploymentPostprocessing = 0;
		};
		FHW0009001 /* Sources */ = {
			isa = PBXSourcesBuildPhase;
			buildActionMask = 2147483647;
			files = (
				FHW0001001 /* FamilyHubWidgetsBundle.swift in Sources */,
				FHW0001002 /* SharedModels.swift in Sources */,
				FHW0001003 /* DataProvider.swift in Sources */,
				FHW0001004 /* ShoppingListWidget.swift in Sources */,
				FHW0001005 /* TodaysEventsWidget.swift in Sources */,
				FHW0001006 /* RoutineStatusWidget.swift in Sources */,
				FHW0001007 /* NextEventWidget.swift in Sources */,
				FHW0001008 /* F1CountdownWidget.swift in Sources */,
				FHW0001009 /* BinDayWidget.swift in Sources */,
				FHW0001010 /* QuickActionsWidget.swift in Sources */,
				FHW0001013 /* InteractiveWidgetIntents.swift in Sources */,
			);
			runOnlyForDeploymentPostprocessing = 0;
		};
		FHS0006001 /* Sources */ = {
			isa = PBXSourcesBuildPhase;
			buildActionMask = 2147483647;
			files = (
				FHS0001001 /* ShareViewController.swift in Sources */,
			);
			runOnlyForDeploymentPostprocessing = 0;
		};
/* End PBXSourcesBuildPhase section */

/* Begin PBXTargetDependency section */
		FHW0003002 /* PBXTargetDependency */ = {
			isa = PBXTargetDependency;
			target = FHW0004001 /* FamilyHubWidgetsExtension */;
			targetProxy = FHW0003001 /* PBXContainerItemProxy */;
		};
		FHS0005002 /* PBXTargetDependency */ = {
			isa = PBXTargetDependency;
			target = FHS0004001 /* FamilyHubShare */;
			targetProxy = FHS0005001 /* PBXContainerItemProxy */;
		};
/* End PBXTargetDependency section */

/* Begin PBXVariantGroup section */
		504EC30B1FED79650016851F /* Main.storyboard */ = {
			isa = PBXVariantGroup;
			children = (
				504EC30C1FED79650016851F /* Base */,
			);
			name = Main.storyboard;
			sourceTree = "<group>";
		};
		504EC3101FED79650016851F /* LaunchScreen.storyboard */ = {
			isa = PBXVariantGroup;
			children = (
				504EC3111FED79650016851F /* Base */,
			);
			name = LaunchScreen.storyboard;
			sourceTree = "<group>";
		};
/* End PBXVariantGroup section */

/* Begin XCBuildConfiguration section */
		504EC3141FED79650016851F /* Debug */ = {
			isa = XCBuildConfiguration;
			baseConfigurationReference = 958DCC722DB07C7200EA8C5F /* debug.xcconfig */;
			buildSettings = {
				ALWAYS_SEARCH_USER_PATHS = NO;
				CLANG_ANALYZER_NONNULL = YES;
				CLANG_ANALYZER_NUMBER_OBJECT_CONVERSION = YES_AGGRESSIVE;
				CLANG_CXX_LANGUAGE_STANDARD = "gnu++14";
				CLANG_CXX_LIBRARY = "libc++";
				CLANG_ENABLE_MODULES = YES;
				CLANG_ENABLE_OBJC_ARC = YES;
				CLANG_WARN_BLOCK_CAPTURE_AUTORELEASING = YES;
				CLANG_WARN_BOOL_CONVERSION = YES;
				CLANG_WARN_COMMA = YES;
				CLANG_WARN_CONSTANT_CONVERSION = YES;
				CLANG_WARN_DIRECT_OBJC_ISA_USAGE = YES_ERROR;
				CLANG_WARN_DOCUMENTATION_COMMENTS = YES;
				CLANG_WARN_EMPTY_BODY = YES;
				CLANG_WARN_ENUM_CONVERSION = YES;
				CLANG_WARN_INFINITE_RECURSION = YES;
				CLANG_WARN_INT_CONVERSION = YES;
				CLANG_WARN_NON_LITERAL_NULL_CONVERSION = YES;
				CLANG_WARN_OBJC_LITERAL_CONVERSION = YES;
				CLANG_WARN_OBJC_ROOT_CLASS = YES_ERROR;
				CLANG_WARN_RANGE_LOOP_ANALYSIS = YES;
				CLANG_WARN_STRICT_PROTOTYPES = YES;
				CLANG_WARN_SUSPICIOUS_MOVE = YES;
				CLANG_WARN_UNGUARDED_AVAILABILITY = YES_AGGRESSIVE;
				CLANG_WARN_UNREACHABLE_CODE = YES;
				CLANG_WARN__DUPLICATE_METHOD_MATCH = YES;
				CODE_SIGN_IDENTITY = "iPhone Developer";
				COPY_PHASE_STRIP = NO;
				DEBUG_INFORMATION_FORMAT = dwarf;
				ENABLE_STRICT_OBJC_MSGSEND = YES;
				ENABLE_TESTABILITY = YES;
				GCC_C_LANGUAGE_STANDARD = gnu11;
				GCC_DYNAMIC_NO_PIC = NO;
				GCC_NO_COMMON_BLOCKS = YES;
				GCC_OPTIMIZATION_LEVEL = 0;
				GCC_PREPROCESSOR_DEFINITIONS = (
					"DEBUG=1",
					"$(inherited)",
				);
				GCC_WARN_64_TO_32_BIT_CONVERSION = YES;
				GCC_WARN_ABOUT_RETURN_TYPE = YES_ERROR;
				GCC_WARN_UNDECLARED_SELECTOR = YES;
				GCC_WARN_UNINITIALIZED_AUTOS = YES_AGGRESSIVE;
				GCC_WARN_UNUSED_FUNCTION = YES;
				GCC_WARN_UNUSED_VARIABLE = YES;
				IPHONEOS_DEPLOYMENT_TARGET = 17.0;
				MTL_ENABLE_DEBUG_INFO = YES;
				ONLY_ACTIVE_ARCH = YES;
				SDKROOT = iphoneos;
				SWIFT_ACTIVE_COMPILATION_CONDITIONS = DEBUG;
				SWIFT_OPTIMIZATION_LEVEL = "-Onone";
			};
			name = Debug;
		};
		504EC3151FED79650016851F /* Release */ = {
			isa = XCBuildConfiguration;
			buildSettings = {
				ALWAYS_SEARCH_USER_PATHS = NO;
				CLANG_ANALYZER_NONNULL = YES;
				CLANG_ANALYZER_NUMBER_OBJECT_CONVERSION = YES_AGGRESSIVE;
				CLANG_CXX_LANGUAGE_STANDARD = "gnu++14";
				CLANG_CXX_LIBRARY = "libc++";
				CLANG_ENABLE_MODULES = YES;
				CLANG_ENABLE_OBJC_ARC = YES;
				CLANG_WARN_BLOCK_CAPTURE_AUTORELEASING = YES;
				CLANG_WARN_BOOL_CONVERSION = YES;
				CLANG_WARN_COMMA = YES;
				CLANG_WARN_CONSTANT_CONVERSION = YES;
				CLANG_WARN_DIRECT_OBJC_ISA_USAGE = YES_ERROR;
				CLANG_WARN_DOCUMENTATION_COMMENTS = YES;
				CLANG_WARN_EMPTY_BODY = YES;
				CLANG_WARN_ENUM_CONVERSION = YES;
				CLANG_WARN_INFINITE_RECURSION = YES;
				CLANG_WARN_INT_CONVERSION = YES;
				CLANG_WARN_NON_LITERAL_NULL_CONVERSION = YES;
				CLANG_WARN_OBJC_LITERAL_CONVERSION = YES;
				CLANG_WARN_OBJC_ROOT_CLASS = YES_ERROR;
				CLANG_WARN_RANGE_LOOP_ANALYSIS = YES;
				CLANG_WARN_STRICT_PROTOTYPES = YES;
				CLANG_WARN_SUSPICIOUS_MOVE = YES;
				CLANG_WARN_UNGUARDED_AVAILABILITY = YES_AGGRESSIVE;
				CLANG_WARN_UNREACHABLE_CODE = YES;
				CLANG_WARN__DUPLICATE_METHOD_MATCH = YES;
				CODE_SIGN_IDENTITY = "iPhone Developer";
				COPY_PHASE_STRIP = NO;
				DEBUG_INFORMATION_FORMAT = "dwarf-with-dsym";
				ENABLE_NS_ASSERTIONS = NO;
				ENABLE_STRICT_OBJC_MSGSEND = YES;
				GCC_C_LANGUAGE_STANDARD = gnu11;
				GCC_NO_COMMON_BLOCKS = YES;
				GCC_WARN_64_TO_32_BIT_CONVERSION = YES;
				GCC_WARN_ABOUT_RETURN_TYPE = YES_ERROR;
				GCC_WARN_UNDECLARED_SELECTOR = YES;
				GCC_WARN_UNINITIALIZED_AUTOS = YES_AGGRESSIVE;
				GCC_WARN_UNUSED_FUNCTION = YES;
				GCC_WARN_UNUSED_VARIABLE = YES;
				IPHONEOS_DEPLOYMENT_TARGET = 17.0;
				MTL_ENABLE_DEBUG_INFO = NO;
				SDKROOT = iphoneos;
				SWIFT_COMPILATION_MODE = wholemodule;
				SWIFT_OPTIMIZATION_LEVEL = "-O";
				VALIDATE_PRODUCT = YES;
			};
			name = Release;
		};
		504EC3171FED79650016851F /* Debug */ = {
			isa = XCBuildConfiguration;
			baseConfigurationReference = 958DCC722DB07C7200EA8C5F /* debug.xcconfig */;
			buildSettings = {
				ASSETCATALOG_COMPILER_APPICON_NAME = AppIcon;
				CODE_SIGN_ENTITLEMENTS = App/App.entitlements;
				CODE_SIGN_STYLE = Automatic;
				CURRENT_PROJECT_VERSION = 1;
				INFOPLIST_FILE = App/Info.plist;
				IPHONEOS_DEPLOYMENT_TARGET = 17.0;
				LD_RUNPATH_SEARCH_PATHS = (
					"$(inherited)",
					"@executable_path/Frameworks",
				);
				MARKETING_VERSION = 1.0;
				OTHER_SWIFT_FLAGS = "$(inherited) \"-D\" \"COCOAPODS\" \"-DDEBUG\"";
				PRODUCT_BUNDLE_IDENTIFIER = app.familyhub.home;
				PRODUCT_NAME = "$(TARGET_NAME)";
				SWIFT_ACTIVE_COMPILATION_CONDITIONS = DEBUG;
				SWIFT_VERSION = 5.0;
				TARGETED_DEVICE_FAMILY = "1,2";
			};
			name = Debug;
		};
		504EC3181FED79650016851F /* Release */ = {
			isa = XCBuildConfiguration;
			buildSettings = {
				ASSETCATALOG_COMPILER_APPICON_NAME = AppIcon;
				CODE_SIGN_ENTITLEMENTS = App/App.entitlements;
				CODE_SIGN_STYLE = Automatic;
				CURRENT_PROJECT_VERSION = 1;
				INFOPLIST_FILE = App/Info.plist;
				IPHONEOS_DEPLOYMENT_TARGET = 17.0;
				LD_RUNPATH_SEARCH_PATHS = (
					"$(inherited)",
					"@executable_path/Frameworks",
				);
				MARKETING_VERSION = 1.0;
				PRODUCT_BUNDLE_IDENTIFIER = app.familyhub.home;
				PRODUCT_NAME = "$(TARGET_NAME)";
				SWIFT_ACTIVE_COMPILATION_CONDITIONS = "";
				SWIFT_VERSION = 5.0;
				TARGETED_DEVICE_FAMILY = "1,2";
			};
			name = Release;
		};
		FHW0011001 /* Debug */ = {
			isa = XCBuildConfiguration;
			buildSettings = {
				ASSETCATALOG_COMPILER_GLOBAL_ACCENT_COLOR_NAME = AccentColor;
				ASSETCATALOG_COMPILER_WIDGET_BACKGROUND_COLOR_NAME = WidgetBackground;
				CODE_SIGN_ENTITLEMENTS = FamilyHubWidgets/FamilyHubWidgets.entitlements;
				CODE_SIGN_STYLE = Automatic;
				CURRENT_PROJECT_VERSION = 1;
				GENERATE_INFOPLIST_FILE = YES;
				INFOPLIST_FILE = FamilyHubWidgets/Info.plist;
				INFOPLIST_KEY_CFBundleDisplayName = "Family Hub Widgets";
				INFOPLIST_KEY_NSHumanReadableCopyright = "";
				IPHONEOS_DEPLOYMENT_TARGET = 17.0;
				LD_RUNPATH_SEARCH_PATHS = (
					"$(inherited)",
					"@executable_path/Frameworks",
					"@executable_path/../../Frameworks",
				);
				MARKETING_VERSION = 1.0;
				PRODUCT_BUNDLE_IDENTIFIER = app.familyhub.home.widgets;
				PRODUCT_NAME = "$(TARGET_NAME)";
				SKIP_INSTALL = YES;
				SWIFT_EMIT_LOC_STRINGS = YES;
				SWIFT_VERSION = 5.0;
				TARGETED_DEVICE_FAMILY = "1,2";
			};
			name = Debug;
		};
		FHW0011002 /* Release */ = {
			isa = XCBuildConfiguration;
			buildSettings = {
				ASSETCATALOG_COMPILER_GLOBAL_ACCENT_COLOR_NAME = AccentColor;
				ASSETCATALOG_COMPILER_WIDGET_BACKGROUND_COLOR_NAME = WidgetBackground;
				CODE_SIGN_ENTITLEMENTS = FamilyHubWidgets/FamilyHubWidgets.entitlements;
				CODE_SIGN_STYLE = Automatic;
				CURRENT_PROJECT_VERSION = 1;
				GENERATE_INFOPLIST_FILE = YES;
				INFOPLIST_FILE = FamilyHubWidgets/Info.plist;
				INFOPLIST_KEY_CFBundleDisplayName = "Family Hub Widgets";
				INFOPLIST_KEY_NSHumanReadableCopyright = "";
				IPHONEOS_DEPLOYMENT_TARGET = 17.0;
				LD_RUNPATH_SEARCH_PATHS = (
					"$(inherited)",
					"@executable_path/Frameworks",
					"@executable_path/../../Frameworks",
				);
				MARKETING_VERSION = 1.0;
				PRODUCT_BUNDLE_IDENTIFIER = app.familyhub.home.widgets;
				PRODUCT_NAME = "$(TARGET_NAME)";
				SKIP_INSTALL = YES;
				SWIFT_EMIT_LOC_STRINGS = YES;
				SWIFT_VERSION = 5.0;
				TARGETED_DEVICE_FAMILY = "1,2";
			};
			name = Release;
		};
		FHS0010001 /* Debug */ = {
			isa = XCBuildConfiguration;
			buildSettings = {
				CODE_SIGN_ENTITLEMENTS = FamilyHubShare/FamilyHubShare.entitlements;
				CODE_SIGN_STYLE = Automatic;
				CURRENT_PROJECT_VERSION = 1;
				GENERATE_INFOPLIST_FILE = YES;
				INFOPLIST_FILE = FamilyHubShare/Info.plist;
				INFOPLIST_KEY_CFBundleDisplayName = "Family Hub";
				INFOPLIST_KEY_NSHumanReadableCopyright = "";
				IPHONEOS_DEPLOYMENT_TARGET = 17.0;
				LD_RUNPATH_SEARCH_PATHS = (
					"$(inherited)",
					"@executable_path/Frameworks",
					"@executable_path/../../Frameworks",
				);
				MARKETING_VERSION = 1.0;
				PRODUCT_BUNDLE_IDENTIFIER = app.familyhub.home.share;
				PRODUCT_NAME = "$(TARGET_NAME)";
				SKIP_INSTALL = YES;
				SWIFT_EMIT_LOC_STRINGS = YES;
				SWIFT_VERSION = 5.0;
				TARGETED_DEVICE_FAMILY = "1,2";
			};
			name = Debug;
		};
		FHS0010002 /* Release */ = {
			isa = XCBuildConfiguration;
			buildSettings = {
				CODE_SIGN_ENTITLEMENTS = FamilyHubShare/FamilyHubShare.entitlements;
				CODE_SIGN_STYLE = Automatic;
				CURRENT_PROJECT_VERSION = 1;
				GENERATE_INFOPLIST_FILE = YES;
				INFOPLIST_FILE = FamilyHubShare/Info.plist;
				INFOPLIST_KEY_CFBundleDisplayName = "Family Hub";
				INFOPLIST_KEY_NSHumanReadableCopyright = "";
				IPHONEOS_DEPLOYMENT_TARGET = 17.0;
				LD_RUNPATH_SEARCH_PATHS = (
					"$(inherited)",
					"@executable_path/Frameworks",
					"@executable_path/../../Frameworks",
				);
				MARKETING_VERSION = 1.0;
				PRODUCT_BUNDLE_IDENTIFIER = app.familyhub.home.share;
				PRODUCT_NAME = "$(TARGET_NAME)";
				SKIP_INSTALL = YES;
				SWIFT_EMIT_LOC_STRINGS = YES;
				SWIFT_VERSION = 5.0;
				TARGETED_DEVICE_FAMILY = "1,2";
			};
			name = Release;
		};
/* End XCBuildConfiguration section */

/* Begin XCConfigurationList section */
		504EC2FF1FED79650016851F /* Build configuration list for PBXProject "App" */ = {
			isa = XCConfigurationList;
			buildConfigurations = (
				504EC3141FED79650016851F /* Debug */,
				504EC3151FED79650016851F /* Release */,
			);
			defaultConfigurationIsVisible = 0;
			defaultConfigurationName = Release;
		};
		504EC3161FED79650016851F /* Build configuration list for PBXNativeTarget "App" */ = {
			isa = XCConfigurationList;
			buildConfigurations = (
				504EC3171FED79650016851F /* Debug */,
				504EC3181FED79650016851F /* Release */,
			);
			defaultConfigurationIsVisible = 0;
			defaultConfigurationName = Release;
		};
		FHW0008001 /* Build configuration list for PBXNativeTarget "FamilyHubWidgetsExtension" */ = {
			isa = XCConfigurationList;
			buildConfigurations = (
				FHW0011001 /* Debug */,
				FHW0011002 /* Release */,
			);
			defaultConfigurationIsVisible = 0;
			defaultConfigurationName = Release;
		};
		FHS0009001 /* Build configuration list for PBXNativeTarget "FamilyHubShare" */ = {
			isa = XCConfigurationList;
			buildConfigurations = (
				FHS0010001 /* Debug */,
				FHS0010002 /* Release */,
			);
			defaultConfigurationIsVisible = 0;
			defaultConfigurationName = Release;
		};
/* End XCConfigurationList section */

/* Begin XCLocalSwiftPackageReference section */
		D4C12C0A2AAA248700AAC8A2 /* XCLocalSwiftPackageReference "CapApp-SPM" */ = {
			isa = XCLocalSwiftPackageReference;
			relativePath = "CapApp-SPM";
		};
/* End XCLocalSwiftPackageReference section */

/* Begin XCSwiftPackageProductDependency section */
		4D22ABE82AF431CB00220026 /* CapApp-SPM */ = {
			isa = XCSwiftPackageProductDependency;
			package = D4C12C0A2AAA248700AAC8A2 /* XCLocalSwiftPackageReference "CapApp-SPM" */;
			productName = "CapApp-SPM";
		};
/* End XCSwiftPackageProductDependency section */
	};
	rootObject = 504EC2FC1FED79650016851F /* Project object */;
}
